
Microsoft Visual Studio Solution File, Format Version 11.00
# Visual Studio 2010
Project("{FAE04EC0-301F-11D3-BF4B-00C04F79EFBC}") = "Prototype", "Assembly-CSharp.csproj", "{B1235EE4-71EE-C815-28F8-C3378E5ADB84}"
EndProject
Project("{FAE04EC0-301F-11D3-BF4B-00C04F79EFBC}") = "Prototype", "Assembly-CSharp-Editor.csproj", "{473D78C7-2901-75B9-26E4-79E5B40C0FF9}"
EndProject
Global
	GlobalSection(SolutionConfigurationPlatforms) = preSolution
		Debug|Any CPU = Debug|Any CPU
		Release|Any CPU = Release|Any CPU
	EndGlobalSection
	GlobalSection(ProjectConfigurationPlatforms) = postSolution
		{B1235EE4-71EE-C815-28F8-C3378E5ADB84}.Debug|Any CPU.ActiveCfg = Debug|Any CPU
		{B1235EE4-71EE-C815-28F8-C3378E5ADB84}.Debug|Any CPU.Build.0 = Debug|Any CPU
		{B1235EE4-71EE-C815-28F8-C3378E5ADB84}.Release|Any CPU.ActiveCfg = Release|Any CPU
		{B1235EE4-71EE-C815-28F8-C3378E5ADB84}.Release|Any CPU.Build.0 = Release|Any CPU
		{473D78C7-2901-75B9-26E4-79E5B40C0FF9}.Debug|Any CPU.ActiveCfg = Debug|Any CPU
		{473D78C7-2901-75B9-26E4-79E5B40C0FF9}.Debug|Any CPU.Build.0 = Debug|Any CPU
		{473D78C7-2901-75B9-26E4-79E5B40C0FF9}.Release|Any CPU.ActiveCfg = Release|Any CPU
		{473D78C7-2901-75B9-26E4-79E5B40C0FF9}.Release|Any CPU.Build.0 = Release|Any CPU
	EndGlobalSection
	GlobalSection(SolutionProperties) = preSolution
		HideSolutionNode = FALSE
	EndGlobalSection
	GlobalSection(MonoDevelopProperties) = preSolution
		StartupItem = Assembly-CSharp.csproj
	EndGlobalSection
EndGlobal
